
Microsoft Visual Studio Solution File, Format Version 12.00
# Visual Studio Version 16
VisualStudioVersion = 16.0.33423.256
MinimumVisualStudioVersion = 10.0.40219.1
Project("{9A19103F-16F7-4668-BE54-9A1E7A4F7556}") = "dotPLC", "dotPLC\dotPLC.csproj", "{CEC5D3E3-CAB2-43E4-85D2-0F0EA0A7637D}"
EndProject
Project("{2150E333-8FDC-42A3-9474-1A3956D46DE8}") = "Solution Items", "Solution Items", "{74D41072-913E-431D-92EB-DA26CAD1143C}"
	ProjectSection(SolutionItems) = preProject
		License.txt = License.txt
		README.md = README.md
	EndProjectSection
EndProject
Global
	GlobalSection(SolutionConfigurationPlatforms) = preSolution
		Debug|Any CPU = Debug|Any CPU
		Release|Any CPU = Release|Any CPU
	EndGlobalSection
	GlobalSection(ProjectConfigurationPlatforms) = postSolution
		{CEC5D3E3-CAB2-43E4-85D2-0F0EA0A7637D}.Debug|Any CPU.ActiveCfg = Debug|Any CPU
		{CEC5D3E3-CAB2-43E4-85D2-0F0EA0A7637D}.Debug|Any CPU.Build.0 = Debug|Any CPU
		{CEC5D3E3-CAB2-43E4-85D2-0F0EA0A7637D}.Release|Any CPU.ActiveCfg = Release|Any CPU
		{CEC5D3E3-CAB2-43E4-85D2-0F0EA0A7637D}.Release|Any CPU.Build.0 = Release|Any CPU
	EndGlobalSection
	GlobalSection(SolutionProperties) = preSolution
		HideSolutionNode = FALSE
	EndGlobalSection
	GlobalSection(ExtensibilityGlobals) = postSolution
		SolutionGuid = {4E54D81E-7970-49CA-AC6F-D9731E3616AE}
	EndGlobalSection
EndGlobal
